<?xml version="1.0" encoding="utf-8"?>
<Project ToolsVersion="4.0" xmlns="http://schemas.microsoft.com/developer/msbuild/2003">
  <ItemGroup>
    <Filter Include="源文件">
      <UniqueIdentifier>{4FC737F1-C7A5-4376-A066-2A32D752A2FF}</UniqueIdentifier>
      <Extensions>cpp;c;cc;cxx;c++;cppm;ixx;def;odl;idl;hpj;bat;asm;asmx</Extensions>
    </Filter>
    <Filter Include="头文件">
      <UniqueIdentifier>{93995380-89BD-4b04-88EB-625FBE52EBFB}</UniqueIdentifier>
      <Extensions>h;hh;hpp;hxx;h++;hm;inl;inc;ipp;xsd</Extensions>
    </Filter>
    <Filter Include="res">
      <UniqueIdentifier>{67DA6AB6-F800-4c08-8B7A-83BB121AAD01}</UniqueIdentifier>
      <Extensions>rc;ico;cur;bmp;dlg;rc2;rct;bin;rgs;gif;jpg;jpeg;jpe;resx;tiff;tif;png;wav;mfcribbon-ms</Extensions>
    </Filter>
    <Filter Include="res\audio">
      <UniqueIdentifier>{3f4117e0-02c1-44da-a2ce-e67207855b5e}</UniqueIdentifier>
    </Filter>
    <Filter Include="res\bullets">
      <UniqueIdentifier>{bad58054-384d-47ef-986b-d6a37095d0b0}</UniqueIdentifier>
    </Filter>
    <Filter Include="res\bullets\PeaNormal">
      <UniqueIdentifier>{2419248a-2336-496e-b71a-91e2379a4ea0}</UniqueIdentifier>
    </Filter>
    <Filter Include="res\bullets\PeaNormalExplode">
      <UniqueIdentifier>{5e693ff6-47f0-4810-ad70-0c12b6ed2c06}</UniqueIdentifier>
    </Filter>
    <Filter Include="res\Cards">
      <UniqueIdentifier>{a335b8c9-f5c4-4ed2-9026-cc999e2c5225}</UniqueIdentifier>
    </Filter>
    <Filter Include="res\Plants">
      <UniqueIdentifier>{366627af-8667-48c4-a58e-372afceaccb5}</UniqueIdentifier>
    </Filter>
    <Filter Include="res\Plants\0">
      <UniqueIdentifier>{e826c1ce-0a95-4e45-b1ea-e7dd2514c3be}</UniqueIdentifier>
    </Filter>
    <Filter Include="res\Plants\1">
      <UniqueIdentifier>{9ad3c9da-5626-4ad6-833c-7ffd1946a533}</UniqueIdentifier>
    </Filter>
    <Filter Include="res\Plants\2">
      <UniqueIdentifier>{b628ad9c-3df4-4ab9-a27f-218214ace3ac}</UniqueIdentifier>
    </Filter>
    <Filter Include="res\Plants\3">
      <UniqueIdentifier>{0f7ca8a4-a2fa-488e-bd5d-1ccb7f87bf13}</UniqueIdentifier>
    </Filter>
    <Filter Include="res\Plants\6">
      <UniqueIdentifier>{a82fd26c-2f1a-47c7-b521-645473b21d0a}</UniqueIdentifier>
    </Filter>
    <Filter Include="res\sunShine">
      <UniqueIdentifier>{826cf103-d9ab-4b79-af0b-4b3c77d01791}</UniqueIdentifier>
    </Filter>
    <Filter Include="res\zm">
      <UniqueIdentifier>{99df136a-3547-4f49-abc2-0641668d188e}</UniqueIdentifier>
    </Filter>
    <Filter Include="res\zm\0">
      <UniqueIdentifier>{4dd69c89-13d4-4cf6-818b-b466beba77c1}</UniqueIdentifier>
    </Filter>
    <Filter Include="res\zm\1">
      <UniqueIdentifier>{3275f18e-5825-4708-a3fc-68ccdac816bc}</UniqueIdentifier>
    </Filter>
    <Filter Include="res\zm\2">
      <UniqueIdentifier>{545add90-203a-4316-9614-da24509c856c}</UniqueIdentifier>
    </Filter>
    <Filter Include="res\zm_dead">
      <UniqueIdentifier>{0ed46320-fda8-45c5-836e-e7e69ac253df}</UniqueIdentifier>
    </Filter>
    <Filter Include="res\zm_dead\ZombieDust">
      <UniqueIdentifier>{66ab501e-a6bf-4227-aabc-bd0cdfa75dc2}</UniqueIdentifier>
    </Filter>
    <Filter Include="res\zm_eat">
      <UniqueIdentifier>{7766868c-1287-493f-abdd-81b41b993563}</UniqueIdentifier>
    </Filter>
    <Filter Include="res\zm_eat\0">
      <UniqueIdentifier>{141fea8c-53aa-4dc1-8eee-7bfcc770348d}</UniqueIdentifier>
    </Filter>
    <Filter Include="res\zm_eat\1">
      <UniqueIdentifier>{27c733ee-436c-4646-a8c4-3a649fbbe65c}</UniqueIdentifier>
    </Filter>
    <Filter Include="res\zm_eat\2">
      <UniqueIdentifier>{7dcacfab-32f6-4115-af20-e9227ed5879d}</UniqueIdentifier>
    </Filter>
    <Filter Include="res\zm_stand">
      <UniqueIdentifier>{fe885178-3f28-4360-aea5-7fe20c99ecc5}</UniqueIdentifier>
    </Filter>
    <Filter Include="res\zm_stand\0">
      <UniqueIdentifier>{6c352789-c12f-48d5-866d-6a1245058934}</UniqueIdentifier>
    </Filter>
    <Filter Include="res\Plants\4">
      <UniqueIdentifier>{4ab699cc-2630-41a7-9b19-c3239b31d11e}</UniqueIdentifier>
    </Filter>
    <Filter Include="res\Plants\5">
      <UniqueIdentifier>{d0b0cfb9-f138-47f9-a0a1-5ee3dc01b661}</UniqueIdentifier>
    </Filter>
    <Filter Include="res\zm\3">
      <UniqueIdentifier>{1395fe56-79e4-412c-90ee-f6134d6a3f1c}</UniqueIdentifier>
    </Filter>
    <Filter Include="res\zm\4">
      <UniqueIdentifier>{6682f0b6-0d06-4730-b9a1-5febabde5433}</UniqueIdentifier>
    </Filter>
    <Filter Include="res\zm\5">
      <UniqueIdentifier>{e2b891b5-117a-4d6c-80ab-67ff6a3f67df}</UniqueIdentifier>
    </Filter>
    <Filter Include="res\zm_eat\3">
      <UniqueIdentifier>{27b11c02-477d-4e11-8dfa-6b2971c39c4c}</UniqueIdentifier>
    </Filter>
    <Filter Include="res\zm_eat\4">
      <UniqueIdentifier>{107a0c51-f9ee-4cd4-8d29-3dd24a687c23}</UniqueIdentifier>
    </Filter>
    <Filter Include="res\zm_eat\5">
      <UniqueIdentifier>{b286f11e-a608-4fd9-afdd-07bad434bca1}</UniqueIdentifier>
    </Filter>
  </ItemGroup>
  <ItemGroup>
    <ClCompile Include="main.cpp">
      <Filter>源文件</Filter>
    </ClCompile>
    <ClCompile Include="tools.cpp">
      <Filter>源文件</Filter>
    </ClCompile>
    <ClCompile Include="vector2.cpp">
      <Filter>源文件</Filter>
    </ClCompile>
    <ClCompile Include="event.cpp">
      <Filter>源文件</Filter>
    </ClCompile>
    <ClCompile Include="AudioManager.cpp">
      <Filter>源文件</Filter>
    </ClCompile>
    <ClCompile Include="network.cpp">
      <Filter>源文件</Filter>
    </ClCompile>
  </ItemGroup>
  <ItemGroup>
    <ClInclude Include="tools.h">
      <Filter>头文件</Filter>
    </ClInclude>
    <ClInclude Include="vector2.h">
      <Filter>头文件</Filter>
    </ClInclude>
    <ClInclude Include="event.h">
      <Filter>头文件</Filter>
    </ClInclude>
    <ClInclude Include="AudioManager.h">
      <Filter>头文件</Filter>
    </ClInclude>
    <ClInclude Include="network.h">
      <Filter>头文件</Filter>
    </ClInclude>
  </ItemGroup>
  <ItemGroup>
    <Image Include="res\bar5.png">
      <Filter>res</Filter>
    </Image>
    <Image Include="res\bullet_blast.png">
      <Filter>res</Filter>
    </Image>
    <Image Include="res\bullet_normal.png">
      <Filter>res</Filter>
    </Image>
    <Image Include="res\fail.png">
      <Filter>res</Filter>
    </Image>
    <Image Include="res\fail2.png">
      <Filter>res</Filter>
    </Image>
    <Image Include="res\map0.jpg">
      <Filter>res</Filter>
    </Image>
    <Image Include="res\map1.jpg">
      <Filter>res</Filter>
    </Image>
    <Image Include="res\menu.png">
      <Filter>res</Filter>
    </Image>
    <Image Include="res\menu_quit1.png">
      <Filter>res</Filter>
    </Image>
    <Image Include="res\menu_quit2.png">
      <Filter>res</Filter>
    </Image>
    <Image Include="res\menu1.png">
      <Filter>res</Filter>
    </Image>
    <Image Include="res\menu2.png">
      <Filter>res</Filter>
    </Image>
    <Image Include="res\pause.png">
      <Filter>res</Filter>
    </Image>
    <Image Include="res\pauseMenu.png">
      <Filter>res</Filter>
    </Image>
    <Image Include="res\plants.png">
      <Filter>res</Filter>
    </Image>
    <Image Include="res\ready.png">
      <Filter>res</Filter>
    </Image>
    <Image Include="res\set.png">
      <Filter>res</Filter>
    </Image>
    <Image Include="res\shovel.png">
      <Filter>res</Filter>
    </Image>
    <Image Include="res\shovelSlot.png">
      <Filter>res</Filter>
    </Image>
    <Image Include="res\win.png">
      <Filter>res</Filter>
    </Image>
    <Image Include="res\win2.png">
      <Filter>res</Filter>
    </Image>
    <Image Include="res\bullets\PeaNormal\PeaNormal_0.png">
      <Filter>res\bullets\PeaNormal</Filter>
    </Image>
    <Image Include="res\bullets\PeaNormalExplode\PeaNormalExplode_0.png">
      <Filter>res\bullets\PeaNormalExplode</Filter>
    </Image>
    <Image Include="res\Cards\card_1.png">
      <Filter>res\Cards</Filter>
    </Image>
    <Image Include="res\Cards\card_2.png">
      <Filter>res\Cards</Filter>
    </Image>
    <Image Include="res\Cards\card_3.png">
      <Filter>res\Cards</Filter>
    </Image>
    <Image Include="res\Cards\card_4.png">
      <Filter>res\Cards</Filter>
    </Image>
    <Image Include="res\Cards\card_5.png">
      <Filter>res\Cards</Filter>
    </Image>
    <Image Include="res\Cards\card_6.png">
      <Filter>res\Cards</Filter>
    </Image>
    <Image Include="res\Cards\card_7.png">
      <Filter>res\Cards</Filter>
    </Image>
    <Image Include="res\Cards\card_hypnoshroom.png">
      <Filter>res\Cards</Filter>
    </Image>
    <Image Include="res\Cards\card_iceshroom.png">
      <Filter>res\Cards</Filter>
    </Image>
    <Image Include="res\Cards\card_jalapeno.png">
      <Filter>res\Cards</Filter>
    </Image>
    <Image Include="res\Cards\card_puffshroom.png">
      <Filter>res\Cards</Filter>
    </Image>
    <Image Include="res\Cards\card_scaredyshroom.png">
      <Filter>res\Cards</Filter>
    </Image>
    <Image Include="res\Cards\card_spikeweed.png">
      <Filter>res\Cards</Filter>
    </Image>
    <Image Include="res\Cards\card_squash.png">
      <Filter>res\Cards</Filter>
    </Image>
    <Image Include="res\Cards\card_sunshroom.png">
      <Filter>res\Cards</Filter>
    </Image>
    <Image Include="res\Cards\card_threepeashooter.png">
      <Filter>res\Cards</Filter>
    </Image>
    <Image Include="res\Cards\card10.png">
      <Filter>res\Cards</Filter>
    </Image>
    <Image Include="res\Plants\0\1.png">
      <Filter>res\Plants\0</Filter>
    </Image>
    <Image Include="res\Plants\0\2.png">
      <Filter>res\Plants\0</Filter>
    </Image>
    <Image Include="res\Plants\0\3.png">
      <Filter>res\Plants\0</Filter>
    </Image>
    <Image Include="res\Plants\0\4.png">
      <Filter>res\Plants\0</Filter>
    </Image>
    <Image Include="res\Plants\0\5.png">
      <Filter>res\Plants\0</Filter>
    </Image>
    <Image Include="res\Plants\0\6.png">
      <Filter>res\Plants\0</Filter>
    </Image>
    <Image Include="res\Plants\0\7.png">
      <Filter>res\Plants\0</Filter>
    </Image>
    <Image Include="res\Plants\0\8.png">
      <Filter>res\Plants\0</Filter>
    </Image>
    <Image Include="res\Plants\0\9.png">
      <Filter>res\Plants\0</Filter>
    </Image>
    <Image Include="res\Plants\0\10.png">
      <Filter>res\Plants\0</Filter>
    </Image>
    <Image Include="res\Plants\0\11.png">
      <Filter>res\Plants\0</Filter>
    </Image>
    <Image Include="res\Plants\0\12.png">
      <Filter>res\Plants\0</Filter>
    </Image>
    <Image Include="res\Plants\0\13.png">
      <Filter>res\Plants\0</Filter>
    </Image>
    <Image Include="res\Plants\1\1.png">
      <Filter>res\Plants\1</Filter>
    </Image>
    <Image Include="res\Plants\1\2.png">
      <Filter>res\Plants\1</Filter>
    </Image>
    <Image Include="res\Plants\1\3.png">
      <Filter>res\Plants\1</Filter>
    </Image>
    <Image Include="res\Plants\1\4.png">
      <Filter>res\Plants\1</Filter>
    </Image>
    <Image Include="res\Plants\1\5.png">
      <Filter>res\Plants\1</Filter>
    </Image>
    <Image Include="res\Plants\1\6.png">
      <Filter>res\Plants\1</Filter>
    </Image>
    <Image Include="res\Plants\1\7.png">
      <Filter>res\Plants\1</Filter>
    </Image>
    <Image Include="res\Plants\1\8.png">
      <Filter>res\Plants\1</Filter>
    </Image>
    <Image Include="res\Plants\1\9.png">
      <Filter>res\Plants\1</Filter>
    </Image>
    <Image Include="res\Plants\1\10.png">
      <Filter>res\Plants\1</Filter>
    </Image>
    <Image Include="res\Plants\1\11.png">
      <Filter>res\Plants\1</Filter>
    </Image>
    <Image Include="res\Plants\1\12.png">
      <Filter>res\Plants\1</Filter>
    </Image>
    <Image Include="res\Plants\1\13.png">
      <Filter>res\Plants\1</Filter>
    </Image>
    <Image Include="res\Plants\1\14.png">
      <Filter>res\Plants\1</Filter>
    </Image>
    <Image Include="res\Plants\1\15.png">
      <Filter>res\Plants\1</Filter>
    </Image>
    <Image Include="res\Plants\1\16.png">
      <Filter>res\Plants\1</Filter>
    </Image>
    <Image Include="res\Plants\1\17.png">
      <Filter>res\Plants\1</Filter>
    </Image>
    <Image Include="res\Plants\1\18.png">
      <Filter>res\Plants\1</Filter>
    </Image>
    <Image Include="res\Plants\2\1.png">
      <Filter>res\Plants\2</Filter>
    </Image>
    <Image Include="res\Plants\2\2.png">
      <Filter>res\Plants\2</Filter>
    </Image>
    <Image Include="res\Plants\2\3.png">
      <Filter>res\Plants\2</Filter>
    </Image>
    <Image Include="res\Plants\2\4.png">
      <Filter>res\Plants\2</Filter>
    </Image>
    <Image Include="res\Plants\2\5.png">
      <Filter>res\Plants\2</Filter>
    </Image>
    <Image Include="res\Plants\2\6.png">
      <Filter>res\Plants\2</Filter>
    </Image>
    <Image Include="res\Plants\2\7.png">
      <Filter>res\Plants\2</Filter>
    </Image>
    <Image Include="res\Plants\2\8.png">
      <Filter>res\Plants\2</Filter>
    </Image>
    <Image Include="res\Plants\2\9.png">
      <Filter>res\Plants\2</Filter>
    </Image>
    <Image Include="res\Plants\2\10.png">
      <Filter>res\Plants\2</Filter>
    </Image>
    <Image Include="res\Plants\2\11.png">
      <Filter>res\Plants\2</Filter>
    </Image>
    <Image Include="res\Plants\2\12.png">
      <Filter>res\Plants\2</Filter>
    </Image>
    <Image Include="res\Plants\2\13.png">
      <Filter>res\Plants\2</Filter>
    </Image>
    <Image Include="res\Plants\2\14.png">
      <Filter>res\Plants\2</Filter>
    </Image>
    <Image Include="res\Plants\2\15.png">
      <Filter>res\Plants\2</Filter>
    </Image>
    <Image Include="res\Plants\2\16.png">
      <Filter>res\Plants\2</Filter>
    </Image>
    <Image Include="res\Plants\3\1.png">
      <Filter>res\Plants\3</Filter>
    </Image>
    <Image Include="res\Plants\6\1.png">
      <Filter>res\Plants\6</Filter>
    </Image>
    <Image Include="res\Plants\6\2.png">
      <Filter>res\Plants\6</Filter>
    </Image>
    <Image Include="res\Plants\6\3.png">
      <Filter>res\Plants\6</Filter>
    </Image>
    <Image Include="res\Plants\6\4.png">
      <Filter>res\Plants\6</Filter>
    </Image>
    <Image Include="res\Plants\6\5.png">
      <Filter>res\Plants\6</Filter>
    </Image>
    <Image Include="res\Plants\6\6.png">
      <Filter>res\Plants\6</Filter>
    </Image>
    <Image Include="res\Plants\6\7.png">
      <Filter>res\Plants\6</Filter>
    </Image>
    <Image Include="res\Plants\6\8.png">
      <Filter>res\Plants\6</Filter>
    </Image>
    <Image Include="res\Plants\6\9.png">
      <Filter>res\Plants\6</Filter>
    </Image>
    <Image Include="res\Plants\6\10.png">
      <Filter>res\Plants\6</Filter>
    </Image>
    <Image Include="res\Plants\6\11.png">
      <Filter>res\Plants\6</Filter>
    </Image>
    <Image Include="res\Plants\6\12.png">
      <Filter>res\Plants\6</Filter>
    </Image>
    <Image Include="res\Plants\6\13.png">
      <Filter>res\Plants\6</Filter>
    </Image>
    <Image Include="res\sunshine\1.png">
      <Filter>res\sunShine</Filter>
    </Image>
    <Image Include="res\sunshine\2.png">
      <Filter>res\sunShine</Filter>
    </Image>
    <Image Include="res\sunshine\3.png">
      <Filter>res\sunShine</Filter>
    </Image>
    <Image Include="res\sunshine\4.png">
      <Filter>res\sunShine</Filter>
    </Image>
    <Image Include="res\sunshine\5.png">
      <Filter>res\sunShine</Filter>
    </Image>
    <Image Include="res\sunshine\6.png">
      <Filter>res\sunShine</Filter>
    </Image>
    <Image Include="res\sunshine\7.png">
      <Filter>res\sunShine</Filter>
    </Image>
    <Image Include="res\sunshine\8.png">
      <Filter>res\sunShine</Filter>
    </Image>
    <Image Include="res\sunshine\9.png">
      <Filter>res\sunShine</Filter>
    </Image>
    <Image Include="res\sunshine\10.png">
      <Filter>res\sunShine</Filter>
    </Image>
    <Image Include="res\sunshine\11.png">
      <Filter>res\sunShine</Filter>
    </Image>
    <Image Include="res\sunshine\12.png">
      <Filter>res\sunShine</Filter>
    </Image>
    <Image Include="res\sunshine\13.png">
      <Filter>res\sunShine</Filter>
    </Image>
    <Image Include="res\sunshine\14.png">
      <Filter>res\sunShine</Filter>
    </Image>
    <Image Include="res\sunshine\15.png">
      <Filter>res\sunShine</Filter>
    </Image>
    <Image Include="res\sunshine\16.png">
      <Filter>res\sunShine</Filter>
    </Image>
    <Image Include="res\sunshine\17.png">
      <Filter>res\sunShine</Filter>
    </Image>
    <Image Include="res\sunshine\18.png">
      <Filter>res\sunShine</Filter>
    </Image>
    <Image Include="res\sunshine\19.png">
      <Filter>res\sunShine</Filter>
    </Image>
    <Image Include="res\sunshine\20.png">
      <Filter>res\sunShine</Filter>
    </Image>
    <Image Include="res\sunshine\21.png">
      <Filter>res\sunShine</Filter>
    </Image>
    <Image Include="res\sunshine\22.png">
      <Filter>res\sunShine</Filter>
    </Image>
    <Image Include="res\sunshine\23.png">
      <Filter>res\sunShine</Filter>
    </Image>
    <Image Include="res\sunshine\24.png">
      <Filter>res\sunShine</Filter>
    </Image>
    <Image Include="res\sunshine\25.png">
      <Filter>res\sunShine</Filter>
    </Image>
    <Image Include="res\sunshine\26.png">
      <Filter>res\sunShine</Filter>
    </Image>
    <Image Include="res\sunshine\27.png">
      <Filter>res\sunShine</Filter>
    </Image>
    <Image Include="res\sunshine\28.png">
      <Filter>res\sunShine</Filter>
    </Image>
    <Image Include="res\sunshine\29.png">
      <Filter>res\sunShine</Filter>
    </Image>
    <Image Include="res\zm\0\1.png">
      <Filter>res\zm\0</Filter>
    </Image>
    <Image Include="res\zm\0\2.png">
      <Filter>res\zm\0</Filter>
    </Image>
    <Image Include="res\zm\0\3.png">
      <Filter>res\zm\0</Filter>
    </Image>
    <Image Include="res\zm\0\4.png">
      <Filter>res\zm\0</Filter>
    </Image>
    <Image Include="res\zm\0\5.png">
      <Filter>res\zm\0</Filter>
    </Image>
    <Image Include="res\zm\0\6.png">
      <Filter>res\zm\0</Filter>
    </Image>
    <Image Include="res\zm\0\7.png">
      <Filter>res\zm\0</Filter>
    </Image>
    <Image Include="res\zm\0\8.png">
      <Filter>res\zm\0</Filter>
    </Image>
    <Image Include="res\zm\0\9.png">
      <Filter>res\zm\0</Filter>
    </Image>
    <Image Include="res\zm\0\10.png">
      <Filter>res\zm\0</Filter>
    </Image>
    <Image Include="res\zm\0\11.png">
      <Filter>res\zm\0</Filter>
    </Image>
    <Image Include="res\zm\0\12.png">
      <Filter>res\zm\0</Filter>
    </Image>
    <Image Include="res\zm\0\13.png">
      <Filter>res\zm\0</Filter>
    </Image>
    <Image Include="res\zm\0\14.png">
      <Filter>res\zm\0</Filter>
    </Image>
    <Image Include="res\zm\0\15.png">
      <Filter>res\zm\0</Filter>
    </Image>
    <Image Include="res\zm\0\16.png">
      <Filter>res\zm\0</Filter>
    </Image>
    <Image Include="res\zm\0\17.png">
      <Filter>res\zm\0</Filter>
    </Image>
    <Image Include="res\zm\0\18.png">
      <Filter>res\zm\0</Filter>
    </Image>
    <Image Include="res\zm\0\19.png">
      <Filter>res\zm\0</Filter>
    </Image>
    <Image Include="res\zm\0\20.png">
      <Filter>res\zm\0</Filter>
    </Image>
    <Image Include="res\zm\0\21.png">
      <Filter>res\zm\0</Filter>
    </Image>
    <Image Include="res\zm\0\22.png">
      <Filter>res\zm\0</Filter>
    </Image>
    <Image Include="res\zm\1\1.png">
      <Filter>res\zm\1</Filter>
    </Image>
    <Image Include="res\zm\1\2.png">
      <Filter>res\zm\1</Filter>
    </Image>
    <Image Include="res\zm\1\3.png">
      <Filter>res\zm\1</Filter>
    </Image>
    <Image Include="res\zm\1\4.png">
      <Filter>res\zm\1</Filter>
    </Image>
    <Image Include="res\zm\1\5.png">
      <Filter>res\zm\1</Filter>
    </Image>
    <Image Include="res\zm\1\6.png">
      <Filter>res\zm\1</Filter>
    </Image>
    <Image Include="res\zm\1\7.png">
      <Filter>res\zm\1</Filter>
    </Image>
    <Image Include="res\zm\1\8.png">
      <Filter>res\zm\1</Filter>
    </Image>
    <Image Include="res\zm\1\9.png">
      <Filter>res\zm\1</Filter>
    </Image>
    <Image Include="res\zm\1\10.png">
      <Filter>res\zm\1</Filter>
    </Image>
    <Image Include="res\zm\1\11.png">
      <Filter>res\zm\1</Filter>
    </Image>
    <Image Include="res\zm\1\12.png">
      <Filter>res\zm\1</Filter>
    </Image>
    <Image Include="res\zm\1\13.png">
      <Filter>res\zm\1</Filter>
    </Image>
    <Image Include="res\zm\1\14.png">
      <Filter>res\zm\1</Filter>
    </Image>
    <Image Include="res\zm\1\15.png">
      <Filter>res\zm\1</Filter>
    </Image>
    <Image Include="res\zm\1\16.png">
      <Filter>res\zm\1</Filter>
    </Image>
    <Image Include="res\zm\1\17.png">
      <Filter>res\zm\1</Filter>
    </Image>
    <Image Include="res\zm\1\18.png">
      <Filter>res\zm\1</Filter>
    </Image>
    <Image Include="res\zm\1\19.png">
      <Filter>res\zm\1</Filter>
    </Image>
    <Image Include="res\zm\1\20.png">
      <Filter>res\zm\1</Filter>
    </Image>
    <Image Include="res\zm\1\21.png">
      <Filter>res\zm\1</Filter>
    </Image>
    <Image Include="res\zm\2\1.png">
      <Filter>res\zm\2</Filter>
    </Image>
    <Image Include="res\zm\2\2.png">
      <Filter>res\zm\2</Filter>
    </Image>
    <Image Include="res\zm\2\3.png">
      <Filter>res\zm\2</Filter>
    </Image>
    <Image Include="res\zm\2\4.png">
      <Filter>res\zm\2</Filter>
    </Image>
    <Image Include="res\zm\2\5.png">
      <Filter>res\zm\2</Filter>
    </Image>
    <Image Include="res\zm\2\6.png">
      <Filter>res\zm\2</Filter>
    </Image>
    <Image Include="res\zm\2\7.png">
      <Filter>res\zm\2</Filter>
    </Image>
    <Image Include="res\zm\2\8.png">
      <Filter>res\zm\2</Filter>
    </Image>
    <Image Include="res\zm\2\9.png">
      <Filter>res\zm\2</Filter>
    </Image>
    <Image Include="res\zm\2\10.png">
      <Filter>res\zm\2</Filter>
    </Image>
    <Image Include="res\zm\2\11.png">
      <Filter>res\zm\2</Filter>
    </Image>
    <Image Include="res\zm\2\12.png">
      <Filter>res\zm\2</Filter>
    </Image>
    <Image Include="res\zm\2\13.png">
      <Filter>res\zm\2</Filter>
    </Image>
    <Image Include="res\zm\2\14.png">
      <Filter>res\zm\2</Filter>
    </Image>
    <Image Include="res\zm\2\15.png">
      <Filter>res\zm\2</Filter>
    </Image>
    <Image Include="res\zm_dead\ZombieDust\1.png">
      <Filter>res\zm_dead\ZombieDust</Filter>
    </Image>
    <Image Include="res\zm_dead\ZombieDust\2.png">
      <Filter>res\zm_dead\ZombieDust</Filter>
    </Image>
    <Image Include="res\zm_dead\ZombieDust\3.png">
      <Filter>res\zm_dead\ZombieDust</Filter>
    </Image>
    <Image Include="res\zm_dead\ZombieDust\4.png">
      <Filter>res\zm_dead\ZombieDust</Filter>
    </Image>
    <Image Include="res\zm_dead\ZombieDust\5.png">
      <Filter>res\zm_dead\ZombieDust</Filter>
    </Image>
    <Image Include="res\zm_dead\ZombieDust\6.png">
      <Filter>res\zm_dead\ZombieDust</Filter>
    </Image>
    <Image Include="res\zm_dead\ZombieDust\7.png">
      <Filter>res\zm_dead\ZombieDust</Filter>
    </Image>
    <Image Include="res\zm_dead\ZombieDust\8.png">
      <Filter>res\zm_dead\ZombieDust</Filter>
    </Image>
    <Image Include="res\zm_dead\ZombieDust\9.png">
      <Filter>res\zm_dead\ZombieDust</Filter>
    </Image>
    <Image Include="res\zm_dead\ZombieDust\10.png">
      <Filter>res\zm_dead\ZombieDust</Filter>
    </Image>
    <Image Include="res\zm_dead\ZombieDust\11.png">
      <Filter>res\zm_dead\ZombieDust</Filter>
    </Image>
    <Image Include="res\zm_dead\ZombieDust\12.png">
      <Filter>res\zm_dead\ZombieDust</Filter>
    </Image>
    <Image Include="res\zm_dead\ZombieDust\13.png">
      <Filter>res\zm_dead\ZombieDust</Filter>
    </Image>
    <Image Include="res\zm_dead\ZombieDust\14.png">
      <Filter>res\zm_dead\ZombieDust</Filter>
    </Image>
    <Image Include="res\zm_dead\ZombieDust\15.png">
      <Filter>res\zm_dead\ZombieDust</Filter>
    </Image>
    <Image Include="res\zm_dead\ZombieDust\16.png">
      <Filter>res\zm_dead\ZombieDust</Filter>
    </Image>
    <Image Include="res\zm_dead\ZombieDust\17.png">
      <Filter>res\zm_dead\ZombieDust</Filter>
    </Image>
    <Image Include="res\zm_dead\ZombieDust\18.png">
      <Filter>res\zm_dead\ZombieDust</Filter>
    </Image>
    <Image Include="res\zm_dead\ZombieDust\19.png">
      <Filter>res\zm_dead\ZombieDust</Filter>
    </Image>
    <Image Include="res\zm_dead\ZombieDust\20.png">
      <Filter>res\zm_dead\ZombieDust</Filter>
    </Image>
    <Image Include="res\zm_eat\0\1.png">
      <Filter>res\zm_eat\0</Filter>
    </Image>
    <Image Include="res\zm_eat\0\2.png">
      <Filter>res\zm_eat\0</Filter>
    </Image>
    <Image Include="res\zm_eat\0\3.png">
      <Filter>res\zm_eat\0</Filter>
    </Image>
    <Image Include="res\zm_eat\0\4.png">
      <Filter>res\zm_eat\0</Filter>
    </Image>
    <Image Include="res\zm_eat\0\5.png">
      <Filter>res\zm_eat\0</Filter>
    </Image>
    <Image Include="res\zm_eat\0\6.png">
      <Filter>res\zm_eat\0</Filter>
    </Image>
    <Image Include="res\zm_eat\0\7.png">
      <Filter>res\zm_eat\0</Filter>
    </Image>
    <Image Include="res\zm_eat\0\8.png">
      <Filter>res\zm_eat\0</Filter>
    </Image>
    <Image Include="res\zm_eat\0\9.png">
      <Filter>res\zm_eat\0</Filter>
    </Image>
    <Image Include="res\zm_eat\0\10.png">
      <Filter>res\zm_eat\0</Filter>
    </Image>
    <Image Include="res\zm_eat\0\11.png">
      <Filter>res\zm_eat\0</Filter>
    </Image>
    <Image Include="res\zm_eat\0\12.png">
      <Filter>res\zm_eat\0</Filter>
    </Image>
    <Image Include="res\zm_eat\0\13.png">
      <Filter>res\zm_eat\0</Filter>
    </Image>
    <Image Include="res\zm_eat\0\14.png">
      <Filter>res\zm_eat\0</Filter>
    </Image>
    <Image Include="res\zm_eat\0\15.png">
      <Filter>res\zm_eat\0</Filter>
    </Image>
    <Image Include="res\zm_eat\0\16.png">
      <Filter>res\zm_eat\0</Filter>
    </Image>
    <Image Include="res\zm_eat\0\17.png">
      <Filter>res\zm_eat\0</Filter>
    </Image>
    <Image Include="res\zm_eat\0\18.png">
      <Filter>res\zm_eat\0</Filter>
    </Image>
    <Image Include="res\zm_eat\0\19.png">
      <Filter>res\zm_eat\0</Filter>
    </Image>
    <Image Include="res\zm_eat\0\20.png">
      <Filter>res\zm_eat\0</Filter>
    </Image>
    <Image Include="res\zm_eat\0\21.png">
      <Filter>res\zm_eat\0</Filter>
    </Image>
    <Image Include="res\zm_eat\1\1.png">
      <Filter>res\zm_eat\1</Filter>
    </Image>
    <Image Include="res\zm_eat\1\2.png">
      <Filter>res\zm_eat\1</Filter>
    </Image>
    <Image Include="res\zm_eat\1\3.png">
      <Filter>res\zm_eat\1</Filter>
    </Image>
    <Image Include="res\zm_eat\1\4.png">
      <Filter>res\zm_eat\1</Filter>
    </Image>
    <Image Include="res\zm_eat\1\5.png">
      <Filter>res\zm_eat\1</Filter>
    </Image>
    <Image Include="res\zm_eat\1\6.png">
      <Filter>res\zm_eat\1</Filter>
    </Image>
    <Image Include="res\zm_eat\1\7.png">
      <Filter>res\zm_eat\1</Filter>
    </Image>
    <Image Include="res\zm_eat\1\8.png">
      <Filter>res\zm_eat\1</Filter>
    </Image>
    <Image Include="res\zm_eat\1\9.png">
      <Filter>res\zm_eat\1</Filter>
    </Image>
    <Image Include="res\zm_eat\1\10.png">
      <Filter>res\zm_eat\1</Filter>
    </Image>
    <Image Include="res\zm_eat\1\11.png">
      <Filter>res\zm_eat\1</Filter>
    </Image>
    <Image Include="res\zm_eat\2\1.png">
      <Filter>res\zm_eat\2</Filter>
    </Image>
    <Image Include="res\zm_eat\2\2.png">
      <Filter>res\zm_eat\2</Filter>
    </Image>
    <Image Include="res\zm_eat\2\3.png">
      <Filter>res\zm_eat\2</Filter>
    </Image>
    <Image Include="res\zm_eat\2\4.png">
      <Filter>res\zm_eat\2</Filter>
    </Image>
    <Image Include="res\zm_eat\2\5.png">
      <Filter>res\zm_eat\2</Filter>
    </Image>
    <Image Include="res\zm_eat\2\6.png">
      <Filter>res\zm_eat\2</Filter>
    </Image>
    <Image Include="res\zm_eat\2\7.png">
      <Filter>res\zm_eat\2</Filter>
    </Image>
    <Image Include="res\zm_eat\2\8.png">
      <Filter>res\zm_eat\2</Filter>
    </Image>
    <Image Include="res\zm_eat\2\9.png">
      <Filter>res\zm_eat\2</Filter>
    </Image>
    <Image Include="res\zm_eat\2\10.png">
      <Filter>res\zm_eat\2</Filter>
    </Image>
    <Image Include="res\zm_eat\2\11.png">
      <Filter>res\zm_eat\2</Filter>
    </Image>
    <Image Include="res\zm_stand\0\1.png">
      <Filter>res\zm_stand\0</Filter>
    </Image>
    <Image Include="res\zm_stand\0\2.png">
      <Filter>res\zm_stand\0</Filter>
    </Image>
    <Image Include="res\zm_stand\0\3.png">
      <Filter>res\zm_stand\0</Filter>
    </Image>
    <Image Include="res\zm_stand\0\4.png">
      <Filter>res\zm_stand\0</Filter>
    </Image>
    <Image Include="res\zm_stand\0\5.png">
      <Filter>res\zm_stand\0</Filter>
    </Image>
    <Image Include="res\zm_stand\0\6.png">
      <Filter>res\zm_stand\0</Filter>
    </Image>
    <Image Include="res\zm_stand\0\7.png">
      <Filter>res\zm_stand\0</Filter>
    </Image>
    <Image Include="res\zm_stand\0\8.png">
      <Filter>res\zm_stand\0</Filter>
    </Image>
    <Image Include="res\zm_stand\0\9.png">
      <Filter>res\zm_stand\0</Filter>
    </Image>
    <Image Include="res\zm_stand\0\10.png">
      <Filter>res\zm_stand\0</Filter>
    </Image>
    <Image Include="res\zm_stand\0\11.png">
      <Filter>res\zm_stand\0</Filter>
    </Image>
    <Image Include="res\bullets\PeaNormal\PeaNormal_1.png">
      <Filter>res\bullets\PeaNormal</Filter>
    </Image>
    <Image Include="res\Plants\4\1.png">
      <Filter>res\Plants\4</Filter>
    </Image>
    <Image Include="res\Plants\4\2.png">
      <Filter>res\Plants\4</Filter>
    </Image>
    <Image Include="res\Plants\4\3.png">
      <Filter>res\Plants\4</Filter>
    </Image>
    <Image Include="res\Plants\4\4.png">
      <Filter>res\Plants\4</Filter>
    </Image>
    <Image Include="res\Plants\4\5.png">
      <Filter>res\Plants\4</Filter>
    </Image>
    <Image Include="res\Plants\4\6.png">
      <Filter>res\Plants\4</Filter>
    </Image>
    <Image Include="res\Plants\4\7.png">
      <Filter>res\Plants\4</Filter>
    </Image>
    <Image Include="res\Plants\4\8.png">
      <Filter>res\Plants\4</Filter>
    </Image>
    <Image Include="res\Plants\4\9.png">
      <Filter>res\Plants\4</Filter>
    </Image>
    <Image Include="res\Plants\4\10.png">
      <Filter>res\Plants\4</Filter>
    </Image>
    <Image Include="res\Plants\4\11.png">
      <Filter>res\Plants\4</Filter>
    </Image>
    <Image Include="res\Plants\4\12.png">
      <Filter>res\Plants\4</Filter>
    </Image>
    <Image Include="res\Plants\4\13.png">
      <Filter>res\Plants\4</Filter>
    </Image>
    <Image Include="res\Plants\4\14.png">
      <Filter>res\Plants\4</Filter>
    </Image>
    <Image Include="res\Plants\4\15.png">
      <Filter>res\Plants\4</Filter>
    </Image>
    <Image Include="res\Plants\5\1.png">
      <Filter>res\Plants\5</Filter>
    </Image>
    <Image Include="res\Plants\5\2.png">
      <Filter>res\Plants\5</Filter>
    </Image>
    <Image Include="res\Plants\5\3.png">
      <Filter>res\Plants\5</Filter>
    </Image>
    <Image Include="res\Plants\5\4.png">
      <Filter>res\Plants\5</Filter>
    </Image>
    <Image Include="res\Plants\5\5.png">
      <Filter>res\Plants\5</Filter>
    </Image>
    <Image Include="res\Plants\5\6.png">
      <Filter>res\Plants\5</Filter>
    </Image>
    <Image Include="res\Plants\5\7.png">
      <Filter>res\Plants\5</Filter>
    </Image>
    <Image Include="res\Plants\5\8.png">
      <Filter>res\Plants\5</Filter>
    </Image>
    <Image Include="res\Plants\5\9.png">
      <Filter>res\Plants\5</Filter>
    </Image>
    <Image Include="res\Plants\5\10.png">
      <Filter>res\Plants\5</Filter>
    </Image>
    <Image Include="res\Plants\5\11.png">
      <Filter>res\Plants\5</Filter>
    </Image>
    <Image Include="res\Plants\5\12.png">
      <Filter>res\Plants\5</Filter>
    </Image>
    <Image Include="res\Plants\5\13.png">
      <Filter>res\Plants\5</Filter>
    </Image>
    <Image Include="res\Plants\5\14.png">
      <Filter>res\Plants\5</Filter>
    </Image>
    <Image Include="res\Plants\5\15.png">
      <Filter>res\Plants\5</Filter>
    </Image>
    <Image Include="res\zm\3\1.png">
      <Filter>res\zm\3</Filter>
    </Image>
    <Image Include="res\zm\3\2.png">
      <Filter>res\zm\3</Filter>
    </Image>
    <Image Include="res\zm\3\3.png">
      <Filter>res\zm\3</Filter>
    </Image>
    <Image Include="res\zm\3\4.png">
      <Filter>res\zm\3</Filter>
    </Image>
    <Image Include="res\zm\3\5.png">
      <Filter>res\zm\3</Filter>
    </Image>
    <Image Include="res\zm\3\6.png">
      <Filter>res\zm\3</Filter>
    </Image>
    <Image Include="res\zm\3\7.png">
      <Filter>res\zm\3</Filter>
    </Image>
    <Image Include="res\zm\3\8.png">
      <Filter>res\zm\3</Filter>
    </Image>
    <Image Include="res\zm\3\9.png">
      <Filter>res\zm\3</Filter>
    </Image>
    <Image Include="res\zm\3\10.png">
      <Filter>res\zm\3</Filter>
    </Image>
    <Image Include="res\zm\3\11.png">
      <Filter>res\zm\3</Filter>
    </Image>
    <Image Include="res\zm\3\12.png">
      <Filter>res\zm\3</Filter>
    </Image>
    <Image Include="res\zm\4\1.png">
      <Filter>res\zm\4</Filter>
    </Image>
    <Image Include="res\zm\4\2.png">
      <Filter>res\zm\4</Filter>
    </Image>
    <Image Include="res\zm\4\3.png">
      <Filter>res\zm\4</Filter>
    </Image>
    <Image Include="res\zm\4\4.png">
      <Filter>res\zm\4</Filter>
    </Image>
    <Image Include="res\zm\4\5.png">
      <Filter>res\zm\4</Filter>
    </Image>
    <Image Include="res\zm\4\6.png">
      <Filter>res\zm\4</Filter>
    </Image>
    <Image Include="res\zm\4\7.png">
      <Filter>res\zm\4</Filter>
    </Image>
    <Image Include="res\zm\4\8.png">
      <Filter>res\zm\4</Filter>
    </Image>
    <Image Include="res\zm\4\9.png">
      <Filter>res\zm\4</Filter>
    </Image>
    <Image Include="res\zm\4\10.png">
      <Filter>res\zm\4</Filter>
    </Image>
    <Image Include="res\zm\4\11.png">
      <Filter>res\zm\4</Filter>
    </Image>
    <Image Include="res\zm\5\1.png">
      <Filter>res\zm\5</Filter>
    </Image>
    <Image Include="res\zm\5\2.png">
      <Filter>res\zm\5</Filter>
    </Image>
    <Image Include="res\zm\5\3.png">
      <Filter>res\zm\5</Filter>
    </Image>
    <Image Include="res\zm\5\4.png">
      <Filter>res\zm\5</Filter>
    </Image>
    <Image Include="res\zm\5\5.png">
      <Filter>res\zm\5</Filter>
    </Image>
    <Image Include="res\zm\5\6.png">
      <Filter>res\zm\5</Filter>
    </Image>
    <Image Include="res\zm\5\7.png">
      <Filter>res\zm\5</Filter>
    </Image>
    <Image Include="res\zm\5\8.png">
      <Filter>res\zm\5</Filter>
    </Image>
    <Image Include="res\zm\5\9.png">
      <Filter>res\zm\5</Filter>
    </Image>
    <Image Include="res\zm\5\10.png">
      <Filter>res\zm\5</Filter>
    </Image>
    <Image Include="res\zm\5\11.png">
      <Filter>res\zm\5</Filter>
    </Image>
    <Image Include="res\zm\5\12.png">
      <Filter>res\zm\5</Filter>
    </Image>
    <Image Include="res\zm\5\13.png">
      <Filter>res\zm\5</Filter>
    </Image>
    <Image Include="res\zm\5\14.png">
      <Filter>res\zm\5</Filter>
    </Image>
    <Image Include="res\zm\5\15.png">
      <Filter>res\zm\5</Filter>
    </Image>
    <Image Include="res\zm\5\16.png">
      <Filter>res\zm\5</Filter>
    </Image>
    <Image Include="res\zm\5\17.png">
      <Filter>res\zm\5</Filter>
    </Image>
    <Image Include="res\zm\5\18.png">
      <Filter>res\zm\5</Filter>
    </Image>
    <Image Include="res\zm\5\19.png">
      <Filter>res\zm\5</Filter>
    </Image>
    <Image Include="res\zm\5\20.png">
      <Filter>res\zm\5</Filter>
    </Image>
    <Image Include="res\zm\5\21.png">
      <Filter>res\zm\5</Filter>
    </Image>
    <Image Include="res\zm\5\22.png">
      <Filter>res\zm\5</Filter>
    </Image>
    <Image Include="res\zm\5\23.png">
      <Filter>res\zm\5</Filter>
    </Image>
    <Image Include="res\zm_eat\3\1.png">
      <Filter>res\zm_eat\3</Filter>
    </Image>
    <Image Include="res\zm_eat\3\2.png">
      <Filter>res\zm_eat\3</Filter>
    </Image>
    <Image Include="res\zm_eat\3\3.png">
      <Filter>res\zm_eat\3</Filter>
    </Image>
    <Image Include="res\zm_eat\3\4.png">
      <Filter>res\zm_eat\3</Filter>
    </Image>
    <Image Include="res\zm_eat\3\5.png">
      <Filter>res\zm_eat\3</Filter>
    </Image>
    <Image Include="res\zm_eat\3\6.png">
      <Filter>res\zm_eat\3</Filter>
    </Image>
    <Image Include="res\zm_eat\3\7.png">
      <Filter>res\zm_eat\3</Filter>
    </Image>
    <Image Include="res\zm_eat\4\1.png">
      <Filter>res\zm_eat\4</Filter>
    </Image>
    <Image Include="res\zm_eat\4\2.png">
      <Filter>res\zm_eat\4</Filter>
    </Image>
    <Image Include="res\zm_eat\4\3.png">
      <Filter>res\zm_eat\4</Filter>
    </Image>
    <Image Include="res\zm_eat\4\4.png">
      <Filter>res\zm_eat\4</Filter>
    </Image>
    <Image Include="res\zm_eat\4\5.png">
      <Filter>res\zm_eat\4</Filter>
    </Image>
    <Image Include="res\zm_eat\4\6.png">
      <Filter>res\zm_eat\4</Filter>
    </Image>
    <Image Include="res\zm_eat\4\7.png">
      <Filter>res\zm_eat\4</Filter>
    </Image>
    <Image Include="res\zm_eat\4\8.png">
      <Filter>res\zm_eat\4</Filter>
    </Image>
    <Image Include="res\zm_eat\4\9.png">
      <Filter>res\zm_eat\4</Filter>
    </Image>
    <Image Include="res\zm_eat\4\10.png">
      <Filter>res\zm_eat\4</Filter>
    </Image>
    <Image Include="res\zm_eat\5\1.png">
      <Filter>res\zm_eat\5</Filter>
    </Image>
    <Image Include="res\zm_eat\5\2.png">
      <Filter>res\zm_eat\5</Filter>
    </Image>
    <Image Include="res\zm_eat\5\3.png">
      <Filter>res\zm_eat\5</Filter>
    </Image>
    <Image Include="res\zm_eat\5\4.png">
      <Filter>res\zm_eat\5</Filter>
    </Image>
    <Image Include="res\zm_eat\5\5.png">
      <Filter>res\zm_eat\5</Filter>
    </Image>
    <Image Include="res\zm_eat\5\6.png">
      <Filter>res\zm_eat\5</Filter>
    </Image>
    <Image Include="res\zm_eat\5\7.png">
      <Filter>res\zm_eat\5</Filter>
    </Image>
    <Image Include="res\zm_eat\5\8.png">
      <Filter>res\zm_eat\5</Filter>
    </Image>
    <Image Include="res\zm_eat\5\9.png">
      <Filter>res\zm_eat\5</Filter>
    </Image>
    <Image Include="res\zm_eat\5\10.png">
      <Filter>res\zm_eat\5</Filter>
    </Image>
    <Image Include="res\zm_eat\5\11.png">
      <Filter>res\zm_eat\5</Filter>
    </Image>
    <Image Include="res\zm_eat\5\12.png">
      <Filter>res\zm_eat\5</Filter>
    </Image>
  </ItemGroup>
  <ItemGroup>
    <Media Include="res\audio\bg.MP3">
      <Filter>res\audio</Filter>
    </Media>
    <Media Include="res\audio\buttonclick.mp3">
      <Filter>res\audio</Filter>
    </Media>
    <Media Include="res\audio\cannotselect.wav">
      <Filter>res\audio</Filter>
    </Media>
    <Media Include="res\audio\evillaugh.mp3">
      <Filter>res\audio</Filter>
    </Media>
    <Media Include="res\audio\grasswalk.mp3">
      <Filter>res\audio</Filter>
    </Media>
    <Media Include="res\audio\gravebutton.mp3">
      <Filter>res\audio</Filter>
    </Media>
    <Media Include="res\audio\lose.mp3">
      <Filter>res\audio</Filter>
    </Media>
    <Media Include="res\audio\losemusic.mp3">
      <Filter>res\audio</Filter>
    </Media>
    <Media Include="res\audio\pause.mp3">
      <Filter>res\audio</Filter>
    </Media>
    <Media Include="res\audio\peacrush1.mp3">
      <Filter>res\audio</Filter>
    </Media>
    <Media Include="res\audio\peacrush1.wav">
      <Filter>res\audio</Filter>
    </Media>
    <Media Include="res\audio\peacrush2.mp3">
      <Filter>res\audio</Filter>
    </Media>
    <Media Include="res\audio\peacrush2.wav">
      <Filter>res\audio</Filter>
    </Media>
    <Media Include="res\audio\peacrush3.mp3">
      <Filter>res\audio</Filter>
    </Media>
    <Media Include="res\audio\peacrush3.wav">
      <Filter>res\audio</Filter>
    </Media>
    <Media Include="res\audio\peaToBucket1.wav">
      <Filter>res\audio</Filter>
    </Media>
    <Media Include="res\audio\peaToBucket2.wav">
      <Filter>res\audio</Filter>
    </Media>
    <Media Include="res\audio\peaToRoadCone1.wav">
      <Filter>res\audio</Filter>
    </Media>
    <Media Include="res\audio\peaToRoadCone2.wav">
      <Filter>res\audio</Filter>
    </Media>
    <Media Include="res\audio\plantDead.mp3">
      <Filter>res\audio</Filter>
    </Media>
    <Media Include="res\audio\plantDead.wav">
      <Filter>res\audio</Filter>
    </Media>
    <Media Include="res\audio\plantdown.mp3">
      <Filter>res\audio</Filter>
    </Media>
    <Media Include="res\audio\plantdown.wav">
      <Filter>res\audio</Filter>
    </Media>
    <Media Include="res\audio\potato_mine.mp3">
      <Filter>res\audio</Filter>
    </Media>
    <Media Include="res\audio\readysetplant.mp3">
      <Filter>res\audio</Filter>
    </Media>
    <Media Include="res\audio\select.mp3">
      <Filter>res\audio</Filter>
    </Media>
    <Media Include="res\audio\select.wav">
      <Filter>res\audio</Filter>
    </Media>
    <Media Include="res\audio\selectCancel.mp3">
      <Filter>res\audio</Filter>
    </Media>
    <Media Include="res\audio\shootpea1.mp3">
      <Filter>res\audio</Filter>
    </Media>
    <Media Include="res\audio\shootpea1.wav">
      <Filter>res\audio</Filter>
    </Media>
    <Media Include="res\audio\shootpea2.mp3">
      <Filter>res\audio</Filter>
    </Media>
    <Media Include="res\audio\shootpea2.wav">
      <Filter>res\audio</Filter>
    </Media>
    <Media Include="res\audio\shovel.mp3">
      <Filter>res\audio</Filter>
    </Media>
    <Media Include="res\audio\sunshine.mp3">
      <Filter>res\audio</Filter>
    </Media>
    <Media Include="res\audio\sunshine.wav">
      <Filter>res\audio</Filter>
    </Media>
    <Media Include="res\audio\win.mp3">
      <Filter>res\audio</Filter>
    </Media>
    <Media Include="res\audio\zmeat.mp3">
      <Filter>res\audio</Filter>
    </Media>
    <Media Include="res\audio\zmeat.wav">
      <Filter>res\audio</Filter>
    </Media>
    <Media Include="res\audio\zmeat2.mp3">
      <Filter>res\audio</Filter>
    </Media>
    <Media Include="res\audio\zmeat2.wav">
      <Filter>res\audio</Filter>
    </Media>
    <Media Include="res\audio\zombiescoming.mp3">
      <Filter>res\audio</Filter>
    </Media>
  </ItemGroup>
</Project>